
Microsoft Visual Studio Solution File, Format Version 12.00
# Blend for Visual Studio Version 16
VisualStudioVersion = 16.0.31911.196
MinimumVisualStudioVersion = 10.0.40219.1
Project("{FAE04EC0-301F-11D3-BF4B-00C04F79EFBC}") = "Homework_WpfApp11.2", "Homework_WpfApp11.2\Homework_WpfApp11.2.csproj", "{5788C32B-1F1E-4C4B-85E5-FAD3FB7A9CF0}"
EndProject
Global
	GlobalSection(SolutionConfigurationPlatforms) = preSolution
		Debug|Any CPU = Debug|Any CPU
		Release|Any CPU = Release|Any CPU
	EndGlobalSection
	GlobalSection(ProjectConfigurationPlatforms) = postSolution
		{5788C32B-1F1E-4C4B-85E5-FAD3FB7A9CF0}.Debug|Any CPU.ActiveCfg = Debug|Any CPU
		{5788C32B-1F1E-4C4B-85E5-FAD3FB7A9CF0}.Debug|Any CPU.Build.0 = Debug|Any CPU
		{5788C32B-1F1E-4C4B-85E5-FAD3FB7A9CF0}.Release|Any CPU.ActiveCfg = Release|Any CPU
		{5788C32B-1F1E-4C4B-85E5-FAD3FB7A9CF0}.Release|Any CPU.Build.0 = Release|Any CPU
	EndGlobalSection
	GlobalSection(SolutionProperties) = preSolution
		HideSolutionNode = FALSE
	EndGlobalSection
	GlobalSection(ExtensibilityGlobals) = postSolution
		SolutionGuid = {FC0398AC-020D-4334-B7CB-64F33D818021}
	EndGlobalSection
EndGlobal
